Microsoft Visual Studio Solution File, Format Version 12.00
# Visual Studio 2013
Project("{8BC9CEB8-8B4A-11D0-8D11-00A0C91BC942}") = "ALL_BUILD", "ALL_BUILD.vcxproj", "{91C0B4BD-CCE9-30CA-9B21-05C2781178CF}"
	ProjectSection(ProjectDependencies) = postProject
		{D99608D6-981F-3FBA-8630-E1DE28DF19B6} = {D99608D6-981F-3FBA-8630-E1DE28DF19B6}
		{13221891-1D6B-3CC7-BC0D-D7F05F557188} = {13221891-1D6B-3CC7-BC0D-D7F05F557188}
	EndProjectSection
EndProject
Project("{8BC9CEB8-8B4A-11D0-8D11-00A0C91BC942}") = "INSTALL", "INSTALL.vcxproj", "{B7D0C6FF-A9C5-31BB-A5F0-1B9BE97999D0}"
	ProjectSection(ProjectDependencies) = postProject
		{91C0B4BD-CCE9-30CA-9B21-05C2781178CF} = {91C0B4BD-CCE9-30CA-9B21-05C2781178CF}
	EndProjectSection
EndProject
Project("{8BC9CEB8-8B4A-11D0-8D11-00A0C91BC942}") = "ZERO_CHECK", "ZERO_CHECK.vcxproj", "{D99608D6-981F-3FBA-8630-E1DE28DF19B6}"
	ProjectSection(ProjectDependencies) = postProject
	EndProjectSection
EndProject
Project("{8BC9CEB8-8B4A-11D0-8D11-00A0C91BC942}") = "com_samaust_trackerv2_osvr", "com_samaust_trackerv2_osvr.vcxproj", "{13221891-1D6B-3CC7-BC0D-D7F05F557188}"
	ProjectSection(ProjectDependencies) = postProject
		{D99608D6-981F-3FBA-8630-E1DE28DF19B6} = {D99608D6-981F-3FBA-8630-E1DE28DF19B6}
	EndProjectSection
EndProject
Global
	GlobalSection(SolutionConfigurationPlatforms) = preSolution
		Debug|Win32 = Debug|Win32
		Release|Win32 = Release|Win32
		MinSizeRel|Win32 = MinSizeRel|Win32
		RelWithDebInfo|Win32 = RelWithDebInfo|Win32
	EndGlobalSection
	GlobalSection(ProjectConfigurationPlatforms) = postSolution
		{91C0B4BD-CCE9-30CA-9B21-05C2781178CF}.Debug|Win32.ActiveCfg = Debug|Win32
		{91C0B4BD-CCE9-30CA-9B21-05C2781178CF}.Debug|Win32.Build.0 = Debug|Win32
		{91C0B4BD-CCE9-30CA-9B21-05C2781178CF}.Release|Win32.ActiveCfg = Release|Win32
		{91C0B4BD-CCE9-30CA-9B21-05C2781178CF}.Release|Win32.Build.0 = Release|Win32
		{91C0B4BD-CCE9-30CA-9B21-05C2781178CF}.MinSizeRel|Win32.ActiveCfg = MinSizeRel|Win32
		{91C0B4BD-CCE9-30CA-9B21-05C2781178CF}.MinSizeRel|Win32.Build.0 = MinSizeRel|Win32
		{91C0B4BD-CCE9-30CA-9B21-05C2781178CF}.RelWithDebInfo|Win32.ActiveCfg = RelWithDebInfo|Win32
		{91C0B4BD-CCE9-30CA-9B21-05C2781178CF}.RelWithDebInfo|Win32.Build.0 = RelWithDebInfo|Win32
		{B7D0C6FF-A9C5-31BB-A5F0-1B9BE97999D0}.Debug|Win32.ActiveCfg = Debug|Win32
		{B7D0C6FF-A9C5-31BB-A5F0-1B9BE97999D0}.Release|Win32.ActiveCfg = Release|Win32
		{B7D0C6FF-A9C5-31BB-A5F0-1B9BE97999D0}.MinSizeRel|Win32.ActiveCfg = MinSizeRel|Win32
		{B7D0C6FF-A9C5-31BB-A5F0-1B9BE97999D0}.RelWithDebInfo|Win32.ActiveCfg = RelWithDebInfo|Win32
		{D99608D6-981F-3FBA-8630-E1DE28DF19B6}.Debug|Win32.ActiveCfg = Debug|Win32
		{D99608D6-981F-3FBA-8630-E1DE28DF19B6}.Debug|Win32.Build.0 = Debug|Win32
		{D99608D6-981F-3FBA-8630-E1DE28DF19B6}.Release|Win32.ActiveCfg = Release|Win32
		{D99608D6-981F-3FBA-8630-E1DE28DF19B6}.Release|Win32.Build.0 = Release|Win32
		{D99608D6-981F-3FBA-8630-E1DE28DF19B6}.MinSizeRel|Win32.ActiveCfg = MinSizeRel|Win32
		{D99608D6-981F-3FBA-8630-E1DE28DF19B6}.MinSizeRel|Win32.Build.0 = MinSizeRel|Win32
		{D99608D6-981F-3FBA-8630-E1DE28DF19B6}.RelWithDebInfo|Win32.ActiveCfg = RelWithDebInfo|Win32
		{D99608D6-981F-3FBA-8630-E1DE28DF19B6}.RelWithDebInfo|Win32.Build.0 = RelWithDebInfo|Win32
		{13221891-1D6B-3CC7-BC0D-D7F05F557188}.Debug|Win32.ActiveCfg = Debug|Win32
		{13221891-1D6B-3CC7-BC0D-D7F05F557188}.Debug|Win32.Build.0 = Debug|Win32
		{13221891-1D6B-3CC7-BC0D-D7F05F557188}.Release|Win32.ActiveCfg = Release|Win32
		{13221891-1D6B-3CC7-BC0D-D7F05F557188}.Release|Win32.Build.0 = Release|Win32
		{13221891-1D6B-3CC7-BC0D-D7F05F557188}.MinSizeRel|Win32.ActiveCfg = MinSizeRel|Win32
		{13221891-1D6B-3CC7-BC0D-D7F05F557188}.MinSizeRel|Win32.Build.0 = MinSizeRel|Win32
		{13221891-1D6B-3CC7-BC0D-D7F05F557188}.RelWithDebInfo|Win32.ActiveCfg = RelWithDebInfo|Win32
		{13221891-1D6B-3CC7-BC0D-D7F05F557188}.RelWithDebInfo|Win32.Build.0 = RelWithDebInfo|Win32
	EndGlobalSection
	GlobalSection(ExtensibilityGlobals) = postSolution
	EndGlobalSection
	GlobalSection(ExtensibilityAddIns) = postSolution
	EndGlobalSection
EndGlobal
