Microsoft Visual Studio Solution File, Format Version 12.00
# Visual Studio 2013
Project("{8BC9CEB8-8B4A-11D0-8D11-00A0C91BC942}") = "ALL_BUILD", "ALL_BUILD.vcxproj", "{11914871-6F13-3B7E-92B6-3F1712102AC9}"
	ProjectSection(ProjectDependencies) = postProject
		{C83E1231-4F4C-3468-9D1E-6D96471F47D0} = {C83E1231-4F4C-3468-9D1E-6D96471F47D0}
		{64E14A5D-305E-37DD-B7E1-45CAABCE7E5C} = {64E14A5D-305E-37DD-B7E1-45CAABCE7E5C}
	EndProjectSection
EndProject
Project("{8BC9CEB8-8B4A-11D0-8D11-00A0C91BC942}") = "INSTALL", "INSTALL.vcxproj", "{CA892FEE-7472-37CE-9F14-120D7AA1BDE6}"
	ProjectSection(ProjectDependencies) = postProject
		{11914871-6F13-3B7E-92B6-3F1712102AC9} = {11914871-6F13-3B7E-92B6-3F1712102AC9}
	EndProjectSection
EndProject
Project("{8BC9CEB8-8B4A-11D0-8D11-00A0C91BC942}") = "ZERO_CHECK", "ZERO_CHECK.vcxproj", "{C83E1231-4F4C-3468-9D1E-6D96471F47D0}"
	ProjectSection(ProjectDependencies) = postProject
	EndProjectSection
EndProject
Project("{8BC9CEB8-8B4A-11D0-8D11-00A0C91BC942}") = "com_samaust_trackerv2_osvr", "com_samaust_trackerv2_osvr.vcxproj", "{64E14A5D-305E-37DD-B7E1-45CAABCE7E5C}"
	ProjectSection(ProjectDependencies) = postProject
		{C83E1231-4F4C-3468-9D1E-6D96471F47D0} = {C83E1231-4F4C-3468-9D1E-6D96471F47D0}
	EndProjectSection
EndProject
Global
	GlobalSection(SolutionConfigurationPlatforms) = preSolution
		Debug|x64 = Debug|x64
		Release|x64 = Release|x64
		MinSizeRel|x64 = MinSizeRel|x64
		RelWithDebInfo|x64 = RelWithDebInfo|x64
	EndGlobalSection
	GlobalSection(ProjectConfigurationPlatforms) = postSolution
		{11914871-6F13-3B7E-92B6-3F1712102AC9}.Debug|x64.ActiveCfg = Debug|x64
		{11914871-6F13-3B7E-92B6-3F1712102AC9}.Debug|x64.Build.0 = Debug|x64
		{11914871-6F13-3B7E-92B6-3F1712102AC9}.Release|x64.ActiveCfg = Release|x64
		{11914871-6F13-3B7E-92B6-3F1712102AC9}.Release|x64.Build.0 = Release|x64
		{11914871-6F13-3B7E-92B6-3F1712102AC9}.MinSizeRel|x64.ActiveCfg = MinSizeRel|x64
		{11914871-6F13-3B7E-92B6-3F1712102AC9}.MinSizeRel|x64.Build.0 = MinSizeRel|x64
		{11914871-6F13-3B7E-92B6-3F1712102AC9}.RelWithDebInfo|x64.ActiveCfg = RelWithDebInfo|x64
		{11914871-6F13-3B7E-92B6-3F1712102AC9}.RelWithDebInfo|x64.Build.0 = RelWithDebInfo|x64
		{CA892FEE-7472-37CE-9F14-120D7AA1BDE6}.Debug|x64.ActiveCfg = Debug|x64
		{CA892FEE-7472-37CE-9F14-120D7AA1BDE6}.Release|x64.ActiveCfg = Release|x64
		{CA892FEE-7472-37CE-9F14-120D7AA1BDE6}.MinSizeRel|x64.ActiveCfg = MinSizeRel|x64
		{CA892FEE-7472-37CE-9F14-120D7AA1BDE6}.RelWithDebInfo|x64.ActiveCfg = RelWithDebInfo|x64
		{C83E1231-4F4C-3468-9D1E-6D96471F47D0}.Debug|x64.ActiveCfg = Debug|x64
		{C83E1231-4F4C-3468-9D1E-6D96471F47D0}.Debug|x64.Build.0 = Debug|x64
		{C83E1231-4F4C-3468-9D1E-6D96471F47D0}.Release|x64.ActiveCfg = Release|x64
		{C83E1231-4F4C-3468-9D1E-6D96471F47D0}.Release|x64.Build.0 = Release|x64
		{C83E1231-4F4C-3468-9D1E-6D96471F47D0}.MinSizeRel|x64.ActiveCfg = MinSizeRel|x64
		{C83E1231-4F4C-3468-9D1E-6D96471F47D0}.MinSizeRel|x64.Build.0 = MinSizeRel|x64
		{C83E1231-4F4C-3468-9D1E-6D96471F47D0}.RelWithDebInfo|x64.ActiveCfg = RelWithDebInfo|x64
		{C83E1231-4F4C-3468-9D1E-6D96471F47D0}.RelWithDebInfo|x64.Build.0 = RelWithDebInfo|x64
		{64E14A5D-305E-37DD-B7E1-45CAABCE7E5C}.Debug|x64.ActiveCfg = Debug|x64
		{64E14A5D-305E-37DD-B7E1-45CAABCE7E5C}.Debug|x64.Build.0 = Debug|x64
		{64E14A5D-305E-37DD-B7E1-45CAABCE7E5C}.Release|x64.ActiveCfg = Release|x64
		{64E14A5D-305E-37DD-B7E1-45CAABCE7E5C}.Release|x64.Build.0 = Release|x64
		{64E14A5D-305E-37DD-B7E1-45CAABCE7E5C}.MinSizeRel|x64.ActiveCfg = MinSizeRel|x64
		{64E14A5D-305E-37DD-B7E1-45CAABCE7E5C}.MinSizeRel|x64.Build.0 = MinSizeRel|x64
		{64E14A5D-305E-37DD-B7E1-45CAABCE7E5C}.RelWithDebInfo|x64.ActiveCfg = RelWithDebInfo|x64
		{64E14A5D-305E-37DD-B7E1-45CAABCE7E5C}.RelWithDebInfo|x64.Build.0 = RelWithDebInfo|x64
	EndGlobalSection
	GlobalSection(ExtensibilityGlobals) = postSolution
	EndGlobalSection
	GlobalSection(ExtensibilityAddIns) = postSolution
	EndGlobalSection
EndGlobal
